
Microsoft Visual Studio Solution File, Format Version 11.00
# Visual Studio 2010
Project("{FAE04EC0-301F-11D3-BF4B-00C04F79EFBC}") = "Assembly-CSharp", "Assembly-CSharp.csproj", "{6d7f2382-1e9c-1713-920e-c6a561e23bed}"
EndProject
Global
	GlobalSection(SolutionConfigurationPlatforms) = preSolution
		Debug|Any CPU = Debug|Any CPU
		Release|Any CPU = Release|Any CPU
	EndGlobalSection
	GlobalSection(ProjectConfigurationPlatforms) = postSolution
		{6d7f2382-1e9c-1713-920e-c6a561e23bed}.Debug|Any CPU.ActiveCfg = Debug|Any CPU
		{6d7f2382-1e9c-1713-920e-c6a561e23bed}.Debug|Any CPU.Build.0 = Debug|Any CPU
		{6d7f2382-1e9c-1713-920e-c6a561e23bed}.Release|Any CPU.ActiveCfg = Release|Any CPU
		{6d7f2382-1e9c-1713-920e-c6a561e23bed}.Release|Any CPU.Build.0 = Release|Any CPU
	EndGlobalSection
	GlobalSection(SolutionProperties) = preSolution
		HideSolutionNode = FALSE
	EndGlobalSection
EndGlobal
