
Microsoft Visual Studio Solution File, Format Version 11.00
# Visual Studio 2010
Project("{FAE04EC0-301F-11D3-BF4B-00C04F79EFBC}") = "Assembly-CSharp", "Assembly-CSharp.csproj", "{033f56aa-b207-8763-8496-cbdfdd596598}"
EndProject
Project("{FAE04EC0-301F-11D3-BF4B-00C04F79EFBC}") = "Assembly-CSharp-Editor", "Assembly-CSharp-Editor.csproj", "{77c30549-a55b-4d8e-95f7-b720653aec57}"
EndProject
Global
	GlobalSection(SolutionConfigurationPlatforms) = preSolution
		Debug|Any CPU = Debug|Any CPU
		Release|Any CPU = Release|Any CPU
	EndGlobalSection
	GlobalSection(ProjectConfigurationPlatforms) = postSolution
		{033f56aa-b207-8763-8496-cbdfdd596598}.Debug|Any CPU.ActiveCfg = Debug|Any CPU
		{033f56aa-b207-8763-8496-cbdfdd596598}.Debug|Any CPU.Build.0 = Debug|Any CPU
		{033f56aa-b207-8763-8496-cbdfdd596598}.Release|Any CPU.ActiveCfg = Release|Any CPU
		{033f56aa-b207-8763-8496-cbdfdd596598}.Release|Any CPU.Build.0 = Release|Any CPU
		{77c30549-a55b-4d8e-95f7-b720653aec57}.Debug|Any CPU.ActiveCfg = Debug|Any CPU
		{77c30549-a55b-4d8e-95f7-b720653aec57}.Debug|Any CPU.Build.0 = Debug|Any CPU
		{77c30549-a55b-4d8e-95f7-b720653aec57}.Release|Any CPU.ActiveCfg = Release|Any CPU
		{77c30549-a55b-4d8e-95f7-b720653aec57}.Release|Any CPU.Build.0 = Release|Any CPU
	EndGlobalSection
	GlobalSection(SolutionProperties) = preSolution
		HideSolutionNode = FALSE
	EndGlobalSection
EndGlobal
